
Microsoft Visual Studio Solution File, Format Version 12.00
# Visual Studio 14
VisualStudioVersion = 14.0.25420.1
MinimumVisualStudioVersion = 10.0.40219.1
Project("{FAE04EC0-301F-11D3-BF4B-00C04F79EFBC}") = "Stony.GoogleMaps.Geocoding", "Stony.GoogleMaps.Geocoding\Stony.GoogleMaps.Geocoding.csproj", "{E71AC8AE-9D63-4FEF-889E-16E0C0D444AA}"
EndProject
Project("{FAE04EC0-301F-11D3-BF4B-00C04F79EFBC}") = "Stony.GoogleMaps", "Stony.GoogleMaps\Stony.GoogleMaps.csproj", "{E01FCAD2-3344-400D-96E1-9F2372930F13}"
EndProject
Project("{FAE04EC0-301F-11D3-BF4B-00C04F79EFBC}") = "Stony.GoogleMaps.Geocoding.Tests", "Stony.GoogleMaps.Geocoding.Tests\Stony.GoogleMaps.Geocoding.Tests.csproj", "{B4167A5F-7649-48C5-A1E1-2D3DCAEECEC6}"
EndProject
Project("{2150E333-8FDC-42A3-9474-1A3956D46DE8}") = "Solution Items", "Solution Items", "{203ABA70-9250-4F95-9981-9C7523D416E5}"
	ProjectSection(SolutionItems) = preProject
		README.md = README.md
	EndProjectSection
EndProject
Project("{FAE04EC0-301F-11D3-BF4B-00C04F79EFBC}") = "Stony.GoogleMaps.Tests", "Stony.GoogleMaps.Tests\Stony.GoogleMaps.Tests.csproj", "{88AA24C5-68B1-42E7-A751-89147F9F66B0}"
EndProject
Project("{FAE04EC0-301F-11D3-BF4B-00C04F79EFBC}") = "Geocoding", "Examples\Geocoding\Geocoding.csproj", "{40FE3064-137B-444C-9B43-8D96BA88EB28}"
EndProject
Global
	GlobalSection(SolutionConfigurationPlatforms) = preSolution
		Debug|Any CPU = Debug|Any CPU
		Release|Any CPU = Release|Any CPU
	EndGlobalSection
	GlobalSection(ProjectConfigurationPlatforms) = postSolution
		{E71AC8AE-9D63-4FEF-889E-16E0C0D444AA}.Debug|Any CPU.ActiveCfg = Debug|Any CPU
		{E71AC8AE-9D63-4FEF-889E-16E0C0D444AA}.Debug|Any CPU.Build.0 = Debug|Any CPU
		{E71AC8AE-9D63-4FEF-889E-16E0C0D444AA}.Release|Any CPU.ActiveCfg = Release|Any CPU
		{E71AC8AE-9D63-4FEF-889E-16E0C0D444AA}.Release|Any CPU.Build.0 = Release|Any CPU
		{E01FCAD2-3344-400D-96E1-9F2372930F13}.Debug|Any CPU.ActiveCfg = Debug|Any CPU
		{E01FCAD2-3344-400D-96E1-9F2372930F13}.Debug|Any CPU.Build.0 = Debug|Any CPU
		{E01FCAD2-3344-400D-96E1-9F2372930F13}.Release|Any CPU.ActiveCfg = Release|Any CPU
		{E01FCAD2-3344-400D-96E1-9F2372930F13}.Release|Any CPU.Build.0 = Release|Any CPU
		{B4167A5F-7649-48C5-A1E1-2D3DCAEECEC6}.Debug|Any CPU.ActiveCfg = Debug|Any CPU
		{B4167A5F-7649-48C5-A1E1-2D3DCAEECEC6}.Debug|Any CPU.Build.0 = Debug|Any CPU
		{B4167A5F-7649-48C5-A1E1-2D3DCAEECEC6}.Release|Any CPU.ActiveCfg = Release|Any CPU
		{B4167A5F-7649-48C5-A1E1-2D3DCAEECEC6}.Release|Any CPU.Build.0 = Release|Any CPU
		{88AA24C5-68B1-42E7-A751-89147F9F66B0}.Debug|Any CPU.ActiveCfg = Debug|Any CPU
		{88AA24C5-68B1-42E7-A751-89147F9F66B0}.Debug|Any CPU.Build.0 = Debug|Any CPU
		{88AA24C5-68B1-42E7-A751-89147F9F66B0}.Release|Any CPU.ActiveCfg = Release|Any CPU
		{88AA24C5-68B1-42E7-A751-89147F9F66B0}.Release|Any CPU.Build.0 = Release|Any CPU
		{40FE3064-137B-444C-9B43-8D96BA88EB28}.Debug|Any CPU.ActiveCfg = Debug|Any CPU
		{40FE3064-137B-444C-9B43-8D96BA88EB28}.Debug|Any CPU.Build.0 = Debug|Any CPU
		{40FE3064-137B-444C-9B43-8D96BA88EB28}.Release|Any CPU.ActiveCfg = Release|Any CPU
		{40FE3064-137B-444C-9B43-8D96BA88EB28}.Release|Any CPU.Build.0 = Release|Any CPU
	EndGlobalSection
	GlobalSection(SolutionProperties) = preSolution
		HideSolutionNode = FALSE
	EndGlobalSection
EndGlobal
